
Microsoft Visual Studio Solution File, Format Version 12.00
# Visual Studio Version 17
VisualStudioVersion = 17.4.33205.214
MinimumVisualStudioVersion = 10.0.40219.1
Project("{FAE04EC0-301F-11D3-BF4B-00C04F79EFBC}") = "specialForcesVeterans", "specialForcesVeterans.csproj", "{4192D5CA-6E6D-4062-9BB9-98B8A65A1FC6}"
EndProject
Global
	GlobalSection(SolutionConfigurationPlatforms) = preSolution
		Debug|Any CPU = Debug|Any CPU
		Release|Any CPU = Release|Any CPU
	EndGlobalSection
	GlobalSection(ProjectConfigurationPlatforms) = postSolution
		{4192D5CA-6E6D-4062-9BB9-98B8A65A1FC6}.Debug|Any CPU.ActiveCfg = Debug|Any CPU
		{4192D5CA-6E6D-4062-9BB9-98B8A65A1FC6}.Debug|Any CPU.Build.0 = Debug|Any CPU
		{4192D5CA-6E6D-4062-9BB9-98B8A65A1FC6}.Release|Any CPU.ActiveCfg = Release|Any CPU
		{4192D5CA-6E6D-4062-9BB9-98B8A65A1FC6}.Release|Any CPU.Build.0 = Release|Any CPU
	EndGlobalSection
	GlobalSection(SolutionProperties) = preSolution
		HideSolutionNode = FALSE
	EndGlobalSection
	GlobalSection(ExtensibilityGlobals) = postSolution
		SolutionGuid = {534A329D-969D-4C01-B656-0A7F7F126F46}
	EndGlobalSection
EndGlobal
